// !$*UTF8*$!
{
	archiveVersion = 1;
	classes = {
	};
	objectVersion = 46;
	objects = {

/* Begin PBXBuildFile section */
		1436E0E51DDC68C400F47309 /* IndicatorView.m in Sources */ = {isa = PBXBuildFile; fileRef = 1436E0E41DDC68C400F47309 /* IndicatorView.m */; };
		1452F3711DD5AE90009628AF /* NSXMLParser+Cobbler.m in Sources */ = {isa = PBXBuildFile; fileRef = 1452F3701DD5AE90009628AF /* NSXMLParser+Cobbler.m */; };
		148936A51DD40FCF002DC939 /* AppDelegate.m in Sources */ = {isa = PBXBuildFile; fileRef = 148936A41DD40FCF002DC939 /* AppDelegate.m */; };
		148936A81DD40FD0002DC939 /* main.m in Sources */ = {isa = PBXBuildFile; fileRef = 148936A71DD40FD0002DC939 /* main.m */; };
		148936AB1DD40FD0002DC939 /* ViewController.m in Sources */ = {isa = PBXBuildFile; fileRef = 148936AA1DD40FD0002DC939 /* ViewController.m */; };
		148936AD1DD40FD0002DC939 /* Assets.xcassets in Resources */ = {isa = PBXBuildFile; fileRef = 148936AC1DD40FD0002DC939 /* Assets.xcassets */; };
		148936B01DD40FD0002DC939 /* Main.storyboard in Resources */ = {isa = PBXBuildFile; fileRef = 148936AE1DD40FD0002DC939 /* Main.storyboard */; };
		148936B91DD41058002DC939 /* Request.m in Sources */ = {isa = PBXBuildFile; fileRef = 148936B81DD41058002DC939 /* Request.m */; };
		148936BC1DD44527002DC939 /* Tools.m in Sources */ = {isa = PBXBuildFile; fileRef = 148936BB1DD44527002DC939 /* Tools.m */; };
		148936BF1DD451D9002DC939 /* infoPlist.strings in Resources */ = {isa = PBXBuildFile; fileRef = 148936C11DD451D9002DC939 /* infoPlist.strings */; };
/* End PBXBuildFile section */

/* Begin PBXFileReference section */
		1436E0E31DDC68C400F47309 /* IndicatorView.h */ = {isa = PBXFileReference; fileEncoding = 4; lastKnownFileType = sourcecode.c.h; path = IndicatorView.h; sourceTree = "<group>"; };
		1436E0E41DDC68C400F47309 /* IndicatorView.m */ = {isa = PBXFileReference; fileEncoding = 4; lastKnownFileType = sourcecode.c.objc; path = IndicatorView.m; sourceTree = "<group>"; };
		1452F36F1DD5AE90009628AF /* NSXMLParser+Cobbler.h */ = {isa = PBXFileReference; fileEncoding = 4; lastKnownFileType = sourcecode.c.h; path = "NSXMLParser+Cobbler.h"; sourceTree = "<group>"; };
		1452F3701DD5AE90009628AF /* NSXMLParser+Cobbler.m */ = {isa = PBXFileReference; fileEncoding = 4; lastKnownFileType = sourcecode.c.objc; path = "NSXMLParser+Cobbler.m"; sourceTree = "<group>"; };
		148936A01DD40FCF002DC939 /* 百度翻译.app */ = {isa = PBXFileReference; explicitFileType = wrapper.application; includeInIndex = 0; path = "百度翻译.app"; sourceTree = BUILT_PRODUCTS_DIR; };
		148936A31DD40FCF002DC939 /* AppDelegate.h */ = {isa = PBXFileReference; lastKnownFileType = sourcecode.c.h; path = AppDelegate.h; sourceTree = "<group>"; };
		148936A41DD40FCF002DC939 /* AppDelegate.m */ = {isa = PBXFileReference; lastKnownFileType = sourcecode.c.objc; path = AppDelegate.m; sourceTree = "<group>"; };
		148936A71DD40FD0002DC939 /* main.m */ = {isa = PBXFileReference; lastKnownFileType = sourcecode.c.objc; path = main.m; sourceTree = "<group>"; };
		148936A91DD40FD0002DC939 /* ViewController.h */ = {isa = PBXFileReference; lastKnownFileType = sourcecode.c.h; path = ViewController.h; sourceTree = "<group>"; };
		148936AA1DD40FD0002DC939 /* ViewController.m */ = {isa = PBXFileReference; lastKnownFileType = sourcecode.c.objc; path = ViewController.m; sourceTree = "<group>"; };
		148936AC1DD40FD0002DC939 /* Assets.xcassets */ = {isa = PBXFileReference; lastKnownFileType = folder.assetcatalog; path = Assets.xcassets; sourceTree = "<group>"; };
		148936AF1DD40FD0002DC939 /* Base */ = {isa = PBXFileReference; lastKnownFileType = file.storyboard; name = Base; path = Base.lproj/Main.storyboard; sourceTree = "<group>"; };
		148936B11DD40FD0002DC939 /* Info.plist */ = {isa = PBXFileReference; lastKnownFileType = text.plist.xml; path = Info.plist; sourceTree = "<group>"; };
		148936B71DD41058002DC939 /* Request.h */ = {isa = PBXFileReference; fileEncoding = 4; lastKnownFileType = sourcecode.c.h; path = Request.h; sourceTree = "<group>"; };
		148936B81DD41058002DC939 /* Request.m */ = {isa = PBXFileReference; fileEncoding = 4; lastKnownFileType = sourcecode.c.objc; path = Request.m; sourceTree = "<group>"; };
		148936BA1DD44527002DC939 /* Tools.h */ = {isa = PBXFileReference; fileEncoding = 4; lastKnownFileType = sourcecode.c.h; path = Tools.h; sourceTree = "<group>"; };
		148936BB1DD44527002DC939 /* Tools.m */ = {isa = PBXFileReference; fileEncoding = 4; lastKnownFileType = sourcecode.c.objc; path = Tools.m; sourceTree = "<group>"; };
		148936C01DD451D9002DC939 /* en */ = {isa = PBXFileReference; lastKnownFileType = text.plist.strings; name = en; path = en.lproj/infoPlist.strings; sourceTree = "<group>"; };
		148936C21DD451EE002DC939 /* zh-Hans */ = {isa = PBXFileReference; lastKnownFileType = text.plist.strings; name = "zh-Hans"; path = "zh-Hans.lproj/infoPlist.strings"; sourceTree = "<group>"; };
/* End PBXFileReference section */

/* Begin PBXFrameworksBuildPhase section */
		1489369D1DD40FCF002DC939 /* Frameworks */ = {
			isa = PBXFrameworksBuildPhase;
			buildActionMask = 2147483647;
			files = (
			);
			runOnlyForDeploymentPostprocessing = 0;
		};
/* End PBXFrameworksBuildPhase section */

/* Begin PBXGroup section */
		148936971DD40FCF002DC939 = {
			isa = PBXGroup;
			children = (
				148936A21DD40FCF002DC939 /* BaiduTranslate */,
				148936A11DD40FCF002DC939 /* Products */,
			);
			sourceTree = "<group>";
		};
		148936A11DD40FCF002DC939 /* Products */ = {
			isa = PBXGroup;
			children = (
				148936A01DD40FCF002DC939 /* 百度翻译.app */,
			);
			name = Products;
			sourceTree = "<group>";
		};
		148936A21DD40FCF002DC939 /* BaiduTranslate */ = {
			isa = PBXGroup;
			children = (
				148936A31DD40FCF002DC939 /* AppDelegate.h */,
				148936A41DD40FCF002DC939 /* AppDelegate.m */,
				148936A91DD40FD0002DC939 /* ViewController.h */,
				148936AA1DD40FD0002DC939 /* ViewController.m */,
				148936B71DD41058002DC939 /* Request.h */,
				148936B81DD41058002DC939 /* Request.m */,
				148936BA1DD44527002DC939 /* Tools.h */,
				148936BB1DD44527002DC939 /* Tools.m */,
				1436E0E31DDC68C400F47309 /* IndicatorView.h */,
				1436E0E41DDC68C400F47309 /* IndicatorView.m */,
				1452F36F1DD5AE90009628AF /* NSXMLParser+Cobbler.h */,
				1452F3701DD5AE90009628AF /* NSXMLParser+Cobbler.m */,
				148936A61DD40FD0002DC939 /* Supporting Files */,
			);
			path = BaiduTranslate;
			sourceTree = "<group>";
		};
		148936A61DD40FD0002DC939 /* Supporting Files */ = {
			isa = PBXGroup;
			children = (
				148936A71DD40FD0002DC939 /* main.m */,
				148936B11DD40FD0002DC939 /* Info.plist */,
				148936C11DD451D9002DC939 /* infoPlist.strings */,
				148936AC1DD40FD0002DC939 /* Assets.xcassets */,
				148936AE1DD40FD0002DC939 /* Main.storyboard */,
			);
			name = "Supporting Files";
			sourceTree = "<group>";
		};
/* End PBXGroup section */

/* Begin PBXNativeTarget section */
		1489369F1DD40FCF002DC939 /* BaiduTranslate */ = {
			isa = PBXNativeTarget;
			buildConfigurationList = 148936B41DD40FD0002DC939 /* Build configuration list for PBXNativeTarget "BaiduTranslate" */;
			buildPhases = (
				1489369C1DD40FCF002DC939 /* Sources */,
				1489369D1DD40FCF002DC939 /* Frameworks */,
				1489369E1DD40FCF002DC939 /* Resources */,
			);
			buildRules = (
			);
			dependencies = (
			);
			name = BaiduTranslate;
			productName = BaiduTranslate;
			productReference = 148936A01DD40FCF002DC939 /* 百度翻译.app */;
			productType = "com.apple.product-type.application";
		};
/* End PBXNativeTarget section */

/* Begin PBXProject section */
		148936981DD40FCF002DC939 /* Project object */ = {
			isa = PBXProject;
			attributes = {
				LastUpgradeCheck = 0810;
				ORGANIZATIONNAME = xy;
				TargetAttributes = {
					1489369F1DD40FCF002DC939 = {
						CreatedOnToolsVersion = 8.1;
						ProvisioningStyle = Automatic;
					};
				};
			};
			buildConfigurationList = 1489369B1DD40FCF002DC939 /* Build configuration list for PBXProject "BaiduTranslate" */;
			compatibilityVersion = "Xcode 3.2";
			developmentRegion = English;
			hasScannedForEncodings = 0;
			knownRegions = (
				en,
				Base,
				"zh-Hans",
			);
			mainGroup = 148936971DD40FCF002DC939;
			productRefGroup = 148936A11DD40FCF002DC939 /* Products */;
			projectDirPath = "";
			projectRoot = "";
			targets = (
				1489369F1DD40FCF002DC939 /* BaiduTranslate */,
			);
		};
/* End PBXProject section */

/* Begin PBXResourcesBuildPhase section */
		1489369E1DD40FCF002DC939 /* Resources */ = {
			isa = PBXResourcesBuildPhase;
			buildActionMask = 2147483647;
			files = (
				148936AD1DD40FD0002DC939 /* Assets.xcassets in Resources */,
				148936B01DD40FD0002DC939 /* Main.storyboard in Resources */,
				148936BF1DD451D9002DC939 /* infoPlist.strings in Resources */,
			);
			runOnlyForDeploymentPostprocessing = 0;
		};
/* End PBXResourcesBuildPhase section */

/* Begin PBXSourcesBuildPhase section */
		1489369C1DD40FCF002DC939 /* Sources */ = {
			isa = PBXSourcesBuildPhase;
			buildActionMask = 2147483647;
			files = (
				148936AB1DD40FD0002DC939 /* ViewController.m in Sources */,
				148936BC1DD44527002DC939 /* Tools.m in Sources */,
				148936B91DD41058002DC939 /* Request.m in Sources */,
				148936A81DD40FD0002DC939 /* main.m in Sources */,
				148936A51DD40FCF002DC939 /* AppDelegate.m in Sources */,
				1452F3711DD5AE90009628AF /* NSXMLParser+Cobbler.m in Sources */,
				1436E0E51DDC68C400F47309 /* IndicatorView.m in Sources */,
			);
			runOnlyForDeploymentPostprocessing = 0;
		};
/* End PBXSourcesBuildPhase section */

/* Begin PBXVariantGroup section */
		148936AE1DD40FD0002DC939 /* Main.storyboard */ = {
			isa = PBXVariantGroup;
			children = (
				148936AF1DD40FD0002DC939 /* Base */,
			);
			name = Main.storyboard;
			sourceTree = "<group>";
		};
		148936C11DD451D9002DC939 /* infoPlist.strings */ = {
			isa = PBXVariantGroup;
			children = (
				148936C01DD451D9002DC939 /* en */,
				148936C21DD451EE002DC939 /* zh-Hans */,
			);
			name = infoPlist.strings;
			sourceTree = "<group>";
		};
/* End PBXVariantGroup section */

/* Begin XCBuildConfiguration section */
		148936B21DD40FD0002DC939 /* Debug */ = {
			isa = XCBuildConfiguration;
			buildSettings = {
				ALWAYS_SEARCH_USER_PATHS = NO;
				CLANG_ANALYZER_LOCALIZABILITY_NONLOCALIZED = YES;
				CLANG_ANALYZER_NONNULL = YES;
				CLANG_CXX_LANGUAGE_STANDARD = "gnu++0x";
				CLANG_CXX_LIBRARY = "libc++";
				CLANG_ENABLE_MODULES = YES;
				CLANG_ENABLE_OBJC_ARC = YES;
				CLANG_WARN_BOOL_CONVERSION = YES;
				CLANG_WARN_CONSTANT_CONVERSION = YES;
				CLANG_WARN_DIRECT_OBJC_ISA_USAGE = YES_ERROR;
				CLANG_WARN_DOCUMENTATION_COMMENTS = YES;
				CLANG_WARN_EMPTY_BODY = YES;
				CLANG_WARN_ENUM_CONVERSION = YES;
				CLANG_WARN_INFINITE_RECURSION = YES;
				CLANG_WARN_INT_CONVERSION = YES;
				CLANG_WARN_OBJC_ROOT_CLASS = YES_ERROR;
				CLANG_WARN_SUSPICIOUS_MOVES = YES;
				CLANG_WARN_UNREACHABLE_CODE = YES;
				CLANG_WARN__DUPLICATE_METHOD_MATCH = YES;
				CODE_SIGN_IDENTITY = "-";
				COPY_PHASE_STRIP = NO;
				DEBUG_INFORMATION_FORMAT = dwarf;
				ENABLE_STRICT_OBJC_MSGSEND = YES;
				ENABLE_TESTABILITY = YES;
				GCC_C_LANGUAGE_STANDARD = gnu99;
				GCC_DYNAMIC_NO_PIC = NO;
				GCC_NO_COMMON_BLOCKS = YES;
				GCC_OPTIMIZATION_LEVEL = 0;
				GCC_PREPROCESSOR_DEFINITIONS = (
					"DEBUG=1",
					"$(inherited)",
				);
				GCC_WARN_64_TO_32_BIT_CONVERSION = YES;
				GCC_WARN_ABOUT_RETURN_TYPE = YES_ERROR;
				GCC_WARN_UNDECLARED_SELECTOR = YES;
				GCC_WARN_UNINITIALIZED_AUTOS = YES_AGGRESSIVE;
				GCC_WARN_UNUSED_FUNCTION = YES;
				GCC_WARN_UNUSED_VARIABLE = YES;
				MACOSX_DEPLOYMENT_TARGET = 10.9;
				MTL_ENABLE_DEBUG_INFO = YES;
				ONLY_ACTIVE_ARCH = YES;
				SDKROOT = macosx;
			};
			name = Debug;
		};
		148936B31DD40FD0002DC939 /* Release */ = {
			isa = XCBuildConfiguration;
			buildSettings = {
				ALWAYS_SEARCH_USER_PATHS = NO;
				CLANG_ANALYZER_LOCALIZABILITY_NONLOCALIZED = YES;
				CLANG_ANALYZER_NONNULL = YES;
				CLANG_CXX_LANGUAGE_STANDARD = "gnu++0x";
				CLANG_CXX_LIBRARY = "libc++";
				CLANG_ENABLE_MODULES = YES;
				CLANG_ENABLE_OBJC_ARC = YES;
				CLANG_WARN_BOOL_CONVERSION = YES;
				CLANG_WARN_CONSTANT_CONVERSION = YES;
				CLANG_WARN_DIRECT_OBJC_ISA_USAGE = YES_ERROR;
				CLANG_WARN_DOCUMENTATION_COMMENTS = YES;
				CLANG_WARN_EMPTY_BODY = YES;
				CLANG_WARN_ENUM_CONVERSION = YES;
				CLANG_WARN_INFINITE_RECURSION = YES;
				CLANG_WARN_INT_CONVERSION = YES;
				CLANG_WARN_OBJC_ROOT_CLASS = YES_ERROR;
				CLANG_WARN_SUSPICIOUS_MOVES = YES;
				CLANG_WARN_UNREACHABLE_CODE = YES;
				CLANG_WARN__DUPLICATE_METHOD_MATCH = YES;
				CODE_SIGN_IDENTITY = "-";
				COPY_PHASE_STRIP = NO;
				DEBUG_INFORMATION_FORMAT = "dwarf-with-dsym";
				ENABLE_NS_ASSERTIONS = NO;
				ENABLE_STRICT_OBJC_MSGSEND = YES;
				GCC_C_LANGUAGE_STANDARD = gnu99;
				GCC_NO_COMMON_BLOCKS = YES;
				GCC_WARN_64_TO_32_BIT_CONVERSION = YES;
				GCC_WARN_ABOUT_RETURN_TYPE = YES_ERROR;
				GCC_WARN_UNDECLARED_SELECTOR = YES;
				GCC_WARN_UNINITIALIZED_AUTOS = YES_AGGRESSIVE;
				GCC_WARN_UNUSED_FUNCTION = YES;
				GCC_WARN_UNUSED_VARIABLE = YES;
				MACOSX_DEPLOYMENT_TARGET = 10.9;
				MTL_ENABLE_DEBUG_INFO = NO;
				SDKROOT = macosx;
			};
			name = Release;
		};
		148936B51DD40FD0002DC939 /* Debug */ = {
			isa = XCBuildConfiguration;
			buildSettings = {
				ASSETCATALOG_COMPILER_APPICON_NAME = AppIcon;
				CODE_SIGN_IDENTITY = "";
				COMBINE_HIDPI_IMAGES = YES;
				DEVELOPMENT_TEAM = "";
				INFOPLIST_FILE = BaiduTranslate/Info.plist;
				LD_RUNPATH_SEARCH_PATHS = "$(inherited) @executable_path/../Frameworks";
				PRODUCT_BUNDLE_IDENTIFIER = com.weikong.BaiduTranslate;
				PRODUCT_NAME = "百度翻译";
				PROVISIONING_PROFILE = "";
			};
			name = Debug;
		};
		148936B61DD40FD0002DC939 /* Release */ = {
			isa = XCBuildConfiguration;
			buildSettings = {
				ASSETCATALOG_COMPILER_APPICON_NAME = AppIcon;
				CODE_SIGN_IDENTITY = "";
				COMBINE_HIDPI_IMAGES = YES;
				DEVELOPMENT_TEAM = "";
				INFOPLIST_FILE = BaiduTranslate/Info.plist;
				LD_RUNPATH_SEARCH_PATHS = "$(inherited) @executable_path/../Frameworks";
				PRODUCT_BUNDLE_IDENTIFIER = com.weikong.BaiduTranslate;
				PRODUCT_NAME = "百度翻译";
				PROVISIONING_PROFILE = "";
			};
			name = Release;
		};
/* End XCBuildConfiguration section */

/* Begin XCConfigurationList section */
		1489369B1DD40FCF002DC939 /* Build configuration list for PBXProject "BaiduTranslate" */ = {
			isa = XCConfigurationList;
			buildConfigurations = (
				148936B21DD40FD0002DC939 /* Debug */,
				148936B31DD40FD0002DC939 /* Release */,
			);
			defaultConfigurationIsVisible = 0;
			defaultConfigurationName = Release;
		};
		148936B41DD40FD0002DC939 /* Build configuration list for PBXNativeTarget "BaiduTranslate" */ = {
			isa = XCConfigurationList;
			buildConfigurations = (
				148936B51DD40FD0002DC939 /* Debug */,
				148936B61DD40FD0002DC939 /* Release */,
			);
			defaultConfigurationIsVisible = 0;
			defaultConfigurationName = Release;
		};
/* End XCConfigurationList section */
	};
	rootObject = 148936981DD40FCF002DC939 /* Project object */;
}
